
Microsoft Visual Studio Solution File, Format Version 12.00
# Visual Studio Version 17
VisualStudioVersion = 17.14.36603.0 d17.14
MinimumVisualStudioVersion = 10.0.40219.1
Project("{FAE04EC0-301F-11D3-BF4B-00C04F79EFBC}") = "SaborCia.API", "SaborCia.API\SaborCia.API.csproj", "{9F44C915-D05C-406A-A62A-5EBD9E74D84E}"
EndProject
Global
	GlobalSection(SolutionConfigurationPlatforms) = preSolution
		Debug|Any CPU = Debug|Any CPU
		Release|Any CPU = Release|Any CPU
	EndGlobalSection
	GlobalSection(ProjectConfigurationPlatforms) = postSolution
		{9F44C915-D05C-406A-A62A-5EBD9E74D84E}.Debug|Any CPU.ActiveCfg = Debug|Any CPU
		{9F44C915-D05C-406A-A62A-5EBD9E74D84E}.Debug|Any CPU.Build.0 = Debug|Any CPU
		{9F44C915-D05C-406A-A62A-5EBD9E74D84E}.Release|Any CPU.ActiveCfg = Release|Any CPU
		{9F44C915-D05C-406A-A62A-5EBD9E74D84E}.Release|Any CPU.Build.0 = Release|Any CPU
	EndGlobalSection
	GlobalSection(SolutionProperties) = preSolution
		HideSolutionNode = FALSE
	EndGlobalSection
	GlobalSection(ExtensibilityGlobals) = postSolution
		SolutionGuid = {522D8B16-213F-45D2-A91B-222A125270CE}
	EndGlobalSection
EndGlobal
